
Microsoft Visual Studio Solution File, Format Version 12.00
# Visual Studio Version 17
VisualStudioVersion = 17.4.33205.214
MinimumVisualStudioVersion = 10.0.40219.1
Project("{FAE04EC0-301F-11D3-BF4B-00C04F79EFBC}") = "InterviewQuestions", "InterviewQuestions.csproj", "{2945C698-E465-499A-A2B7-2FDD9797D831}"
EndProject
Project("{FAE04EC0-301F-11D3-BF4B-00C04F79EFBC}") = "InterviewQuestionsTests", "..\InterviewQuestionsTests\InterviewQuestionsTests.csproj", "{7B74BCB8-CF1C-4353-A1B8-D060DD9F4C38}"
EndProject
Global
	GlobalSection(SolutionConfigurationPlatforms) = preSolution
		Debug|Any CPU = Debug|Any CPU
		Release|Any CPU = Release|Any CPU
	EndGlobalSection
	GlobalSection(ProjectConfigurationPlatforms) = postSolution
		{2945C698-E465-499A-A2B7-2FDD9797D831}.Debug|Any CPU.ActiveCfg = Debug|Any CPU
		{2945C698-E465-499A-A2B7-2FDD9797D831}.Debug|Any CPU.Build.0 = Debug|Any CPU
		{2945C698-E465-499A-A2B7-2FDD9797D831}.Release|Any CPU.ActiveCfg = Release|Any CPU
		{2945C698-E465-499A-A2B7-2FDD9797D831}.Release|Any CPU.Build.0 = Release|Any CPU
		{7B74BCB8-CF1C-4353-A1B8-D060DD9F4C38}.Debug|Any CPU.ActiveCfg = Debug|Any CPU
		{7B74BCB8-CF1C-4353-A1B8-D060DD9F4C38}.Debug|Any CPU.Build.0 = Debug|Any CPU
		{7B74BCB8-CF1C-4353-A1B8-D060DD9F4C38}.Release|Any CPU.ActiveCfg = Release|Any CPU
		{7B74BCB8-CF1C-4353-A1B8-D060DD9F4C38}.Release|Any CPU.Build.0 = Release|Any CPU
	EndGlobalSection
	GlobalSection(SolutionProperties) = preSolution
		HideSolutionNode = FALSE
	EndGlobalSection
	GlobalSection(ExtensibilityGlobals) = postSolution
		SolutionGuid = {B94C8AB1-21C1-4CDD-B9B9-0DDE74225887}
	EndGlobalSection
EndGlobal
